
Microsoft Visual Studio Solution File, Format Version 12.00
# Visual Studio Version 16
VisualStudioVersion = 16.0.30804.86
MinimumVisualStudioVersion = 10.0.40219.1
Project("{9A19103F-16F7-4668-BE54-9A1E7A4F7556}") = "School04", "prbd_msn_tuto\School04.csproj", "{6652C5CD-A010-4D0C-B1EB-CDAE4AFD2727}"
EndProject
Project("{9A19103F-16F7-4668-BE54-9A1E7A4F7556}") = "PRBD_Framework", "PRBD_Framework\PRBD_Framework.csproj", "{B727560E-A9B8-4188-A8BF-9671785755CD}"
EndProject
Global
	GlobalSection(SolutionConfigurationPlatforms) = preSolution
		Debug|Any CPU = Debug|Any CPU
		Release|Any CPU = Release|Any CPU
	EndGlobalSection
	GlobalSection(ProjectConfigurationPlatforms) = postSolution
		{6652C5CD-A010-4D0C-B1EB-CDAE4AFD2727}.Debug|Any CPU.ActiveCfg = Debug|Any CPU
		{6652C5CD-A010-4D0C-B1EB-CDAE4AFD2727}.Debug|Any CPU.Build.0 = Debug|Any CPU
		{6652C5CD-A010-4D0C-B1EB-CDAE4AFD2727}.Release|Any CPU.ActiveCfg = Release|Any CPU
		{6652C5CD-A010-4D0C-B1EB-CDAE4AFD2727}.Release|Any CPU.Build.0 = Release|Any CPU
		{B727560E-A9B8-4188-A8BF-9671785755CD}.Debug|Any CPU.ActiveCfg = Debug|Any CPU
		{B727560E-A9B8-4188-A8BF-9671785755CD}.Debug|Any CPU.Build.0 = Debug|Any CPU
		{B727560E-A9B8-4188-A8BF-9671785755CD}.Release|Any CPU.ActiveCfg = Release|Any CPU
		{B727560E-A9B8-4188-A8BF-9671785755CD}.Release|Any CPU.Build.0 = Release|Any CPU
	EndGlobalSection
	GlobalSection(SolutionProperties) = preSolution
		HideSolutionNode = FALSE
	EndGlobalSection
	GlobalSection(ExtensibilityGlobals) = postSolution
		SolutionGuid = {82EB29E3-C3ED-48D1-B29B-622F6D4D724D}
	EndGlobalSection
EndGlobal
