
Microsoft Visual Studio Solution File, Format Version 12.00
# Visual Studio Version 16
VisualStudioVersion = 16.0.30907.101
MinimumVisualStudioVersion = 10.0.40219.1
Project("{FAE04EC0-301F-11D3-BF4B-00C04F79EFBC}") = "School04", "School04.csproj", "{06652F42-F2D8-49CF-9945-FD1C3E7C7347}"
EndProject
Global
	GlobalSection(SolutionConfigurationPlatforms) = preSolution
		Debug|Any CPU = Debug|Any CPU
		Release|Any CPU = Release|Any CPU
	EndGlobalSection
	GlobalSection(ProjectConfigurationPlatforms) = postSolution
		{06652F42-F2D8-49CF-9945-FD1C3E7C7347}.Debug|Any CPU.ActiveCfg = Debug|Any CPU
		{06652F42-F2D8-49CF-9945-FD1C3E7C7347}.Debug|Any CPU.Build.0 = Debug|Any CPU
		{06652F42-F2D8-49CF-9945-FD1C3E7C7347}.Release|Any CPU.ActiveCfg = Release|Any CPU
		{06652F42-F2D8-49CF-9945-FD1C3E7C7347}.Release|Any CPU.Build.0 = Release|Any CPU
	EndGlobalSection
	GlobalSection(SolutionProperties) = preSolution
		HideSolutionNode = FALSE
	EndGlobalSection
	GlobalSection(ExtensibilityGlobals) = postSolution
		SolutionGuid = {830CB23D-54C8-4F01-887E-3D48FDC1A39B}
	EndGlobalSection
EndGlobal
